
Microsoft Visual Studio Solution File, Format Version 11.00
# Visual C# Express 2010
Project("{FAE04EC0-301F-11D3-BF4B-00C04F79EFBC}") = "TestPMDE", "TestPMDE\TestPMDE.csproj", "{ABB4AF5C-2EB5-4254-AD19-015F9102F9CE}"
EndProject
Global
	GlobalSection(SolutionConfigurationPlatforms) = preSolution
		Debug|Any CPU = Debug|Any CPU
		Release|Any CPU = Release|Any CPU
	EndGlobalSection
	GlobalSection(ProjectConfigurationPlatforms) = postSolution
		{ABB4AF5C-2EB5-4254-AD19-015F9102F9CE}.Debug|Any CPU.ActiveCfg = Debug|Any CPU
		{ABB4AF5C-2EB5-4254-AD19-015F9102F9CE}.Debug|Any CPU.Build.0 = Debug|Any CPU
		{ABB4AF5C-2EB5-4254-AD19-015F9102F9CE}.Release|Any CPU.ActiveCfg = Release|Any CPU
		{ABB4AF5C-2EB5-4254-AD19-015F9102F9CE}.Release|Any CPU.Build.0 = Release|Any CPU
	EndGlobalSection
	GlobalSection(SolutionProperties) = preSolution
		HideSolutionNode = FALSE
	EndGlobalSection
EndGlobal
